# THIS IS AN AUTOGENERATED FILE. DO NOT EDIT THIS FILE DIRECTLY.
# yarn lockfile v1


sinuous@^0.6.0:
  version "0.6.1"
  resolved "https://registry.yarnpkg.com/sinuous/-/sinuous-0.6.1.tgz#73bf9651bff4fda359c6e680402d88f0dbe83873"
  integrity sha512-VcR989j2IW6JyHY6t2Po/sTwVLok96fy8Ob0A31Zz6d/6J1SNZOF2N3ih9+fG8c8Ij2r1FyCNn3wTkGxB2MKLA==
