# THIS IS AN AUTOGENERATED FILE. DO NOT EDIT THIS FILE DIRECTLY.
# yarn lockfile v1


sinuous@0.3.1:
  version "0.3.1"
  resolved "https://registry.yarnpkg.com/sinuous/-/sinuous-0.3.1.tgz#9342b2c0fb663a7aa788ec518b5dccc78caf3f08"
  integrity sha512-r5wQSOP5BW5Ou4p9UgbMhRqTvRB/JqVvFWTTeYbVpxITHU4gBbJZACTSiUp8R1dtriCAPDjQgdj9VcoY4gF8tg==
